# THIS IS AN AUTOGENERATED FILE. DO NOT EDIT THIS FILE DIRECTLY.
# yarn lockfile v1


"@esy-ocaml/esy-installer@^0.0.0":
  version "0.0.0"
  resolved "https://registry.yarnpkg.com/@esy-ocaml/esy-installer/-/esy-installer-0.0.0.tgz#6b0e2bd4ee43531ac74793fe55cfcc3aca197a66"

"@esy-ocaml/substs@^0.0.1":
  version "0.0.1"
  resolved "https://registry.yarnpkg.com/@esy-ocaml/substs/-/substs-0.0.1.tgz#59ebdbbaedcda123fc7ed8fb2b302b7d819e9a46"

"@opam/alcotest@*":
  version "0.8.1"
  uid "586f7374a847ce95ccd6630e4e6983b5"
  resolved "@opam/alcotest@0.8.1-e8cccbd6b1a056fc4aa3b5086f9b210b.tgz"
  dependencies:
    "@esy-ocaml/esy-installer" "^0.0.0"
    "@esy-ocaml/substs" "^0.0.1"
    "@opam/astring" "*"
    "@opam/cmdliner" "*"
    "@opam/fmt" " >= 0.8.0"
    "@opam/jbuilder" " >= 1.0.0-beta10"
    "@opam/result" "*"
  peerDependencies:
    ocaml " >= 4.2.3"

"@opam/astring@*":
  version "0.8.3"
  uid "9993e7ee7a1911359e3d2a3e1a5a8ad4"
  resolved "@opam/astring@0.8.3-6ae6021057b3d5e06ede0fef32430a6d.tgz"
  dependencies:
    "@esy-ocaml/esy-installer" "^0.0.0"
    "@esy-ocaml/substs" "^0.0.1"
    "@opam/ocamlbuild" "*"
    "@opam/ocamlfind" "*"
    "@opam/topkg" "*"
  peerDependencies:
    ocaml " >= 4.1.0"

"@opam/base-bytes@*":
  version "0.0.0-base"
  uid "37bad65340266f11042015c547ba5e6d"
  resolved "@opam/base-bytes@0.0.0-base-4e038693a3da5b60b03ab6859a65f0c9.tgz"
  dependencies:
    "@esy-ocaml/esy-installer" "^0.0.0"
    "@esy-ocaml/substs" "^0.0.1"
    "@opam/ocamlfind" " >= 1.5.3"
  peerDependencies:
    ocaml " >= 4.2.0"

"@opam/base-unix@*":
  version "0.0.0-base"
  uid "84e6c26a21293ff43f9cb18c662a9a2a"
  resolved "@opam/base-unix@0.0.0-base-b3f541b8b9c1d4982ad18937af9a0c36.tgz"
  dependencies:
    "@esy-ocaml/esy-installer" "^0.0.0"
    "@esy-ocaml/substs" "^0.0.1"
  peerDependencies:
    ocaml "*"

"@opam/biniou@ >= 1.2.0":
  version "1.2.0"
  uid "40f831da18b214c73490135ded1cf3f5"
  resolved "@opam/biniou@1.2.0-05460293c64f09fbf614494aaa3d70be.tgz"
  dependencies:
    "@esy-ocaml/esy-installer" "^0.0.0"
    "@esy-ocaml/substs" "^0.0.1"
    "@opam/conf-which" "*"
    "@opam/easy-format" "*"
    "@opam/jbuilder" "*"
  peerDependencies:
    ocaml " >= 4.2.3"

"@opam/cmdliner@*":
  version "1.0.2"
  uid "8c393ebe1e13148052cb03b16fa2a9f1"
  resolved "@opam/cmdliner@1.0.2-58772833f9d6afa33a65fc18803c0594.tgz"
  dependencies:
    "@esy-ocaml/esy-installer" "^0.0.0"
    "@esy-ocaml/substs" "^0.0.1"
    "@opam/ocamlbuild" "*"
    "@opam/ocamlfind" "*"
    "@opam/result" "*"
    "@opam/topkg" "*"
  peerDependencies:
    ocaml " >= 4.1.0"

"@opam/conf-m4@*":
  version "1.0.0"
  uid a85e882de52f5977052e9a57209b49b2
  resolved "@opam/conf-m4@1.0.0-a85e882de52f5977052e9a57209b49b2.tgz"
  dependencies:
    "@esy-ocaml/esy-installer" "^0.0.0"
    "@esy-ocaml/substs" "^0.0.1"
  peerDependencies:
    ocaml "*"

"@opam/conf-which@*":
  version "1.0.0"
  uid c55f997c34acab4891be1ecc8a30269a
  resolved "@opam/conf-which@1.0.0-c55f997c34acab4891be1ecc8a30269a.tgz"
  dependencies:
    "@esy-ocaml/esy-installer" "^0.0.0"
    "@esy-ocaml/substs" "^0.0.1"
  peerDependencies:
    ocaml "*"

"@opam/cppo@*":
  version "1.6.0"
  uid "91cb34e38dc34b0c630d1917f216a522"
  resolved "@opam/cppo@1.6.0-91cb34e38dc34b0c630d1917f216a522.tgz"
  dependencies:
    "@esy-ocaml/esy-installer" "^0.0.0"
    "@esy-ocaml/substs" "^0.0.1"
    "@opam/base-bytes" "*"
    "@opam/base-unix" "*"
    "@opam/jbuilder" " >= 1.0.0-beta10"
  peerDependencies:
    ocaml "*"

"@opam/easy-format@*":
  version "1.3.0"
  uid "63ae81075312f09fa6fb1b0263d59a65"
  resolved "@opam/easy-format@1.3.0-b843ad9c32a3dcd29e70c32b3b060420.tgz"
  dependencies:
    "@esy-ocaml/esy-installer" "^0.0.0"
    "@esy-ocaml/substs" "^0.0.1"
    "@opam/jbuilder" "*"
  peerDependencies:
    ocaml " >= 4.2.3"

"@opam/fmt@ >= 0.8.0":
  version "0.8.4"
  uid c6bd990b97fe83963f632855c94b8c6e
  resolved "@opam/fmt@0.8.4-c6bd990b97fe83963f632855c94b8c6e.tgz"
  dependencies:
    "@esy-ocaml/esy-installer" "^0.0.0"
    "@esy-ocaml/substs" "^0.0.1"
    "@opam/base-unix" "*"
    "@opam/cmdliner" "*"
    "@opam/ocamlbuild" "*"
    "@opam/ocamlfind" "*"
    "@opam/result" "*"
    "@opam/topkg" " >= 0.9.0"
    "@opam/uchar" "*"
  peerDependencies:
    ocaml " >= 4.1.0"

"@opam/jbuilder@ >= 1.0.0-beta10":
  version "1.0.0-beta16"
  uid "259d0e71cf22fae9b58930c710c2dc12"
  resolved "@opam/jbuilder@1.0.0-beta16-259d0e71cf22fae9b58930c710c2dc12.tgz"
  dependencies:
    "@esy-ocaml/esy-installer" "^0.0.0"
    "@esy-ocaml/substs" "^0.0.1"
    "@opam/ocamlfind" "*"
  peerDependencies:
    ocaml " >= 4.2.3"

"@opam/jbuilder@*":
  version "1.0.0-beta14"
  uid "90cc8563379d343c1de5fda29cf7d0a4"
  resolved "@opam/jbuilder@1.0.0-beta14-117999132e6d500bc19773197efa59bb.tgz"
  dependencies:
    "@esy-ocaml/esy-installer" "^0.0.0"
    "@esy-ocaml/substs" "^0.0.1"
    "@opam/ocamlfind" "*"
  peerDependencies:
    ocaml " >= 4.2.3"

"@opam/merlin@*":
  version "3.0.3"
  uid "2d623422a3b9528c7fa1408cba40561a"
  resolved "@opam/merlin@3.0.3-300c2cef4c4802b2310397cfec83b4de.tgz"
  dependencies:
    "@esy-ocaml/esy-installer" "^0.0.0"
    "@esy-ocaml/substs" "^0.0.1"
    "@opam/ocamlfind" " >= 1.5.2"
    "@opam/yojson" "*"
  peerDependencies:
    ocaml " >= 4.2.1  < 4.6.0"

"@opam/ocamlbuild@*", "@opam/ocamlbuild@esy-ocaml/ocamlbuild#0.11.0-esy":
  version "0.11.0-esy"
  resolved "https://codeload.github.com/esy-ocaml/ocamlbuild/tar.gz/d3415a45f1592c80caedeb7c0659b71bd5076c51"
  dependencies:
    "@esy-ocaml/esy-installer" "^0.0.0"
    "@esy-ocaml/substs" "^0.0.1"
  peerDependencies:
    ocaml " >= 4.3.0"

"@opam/ocamlfind@ >= 1.5.2", "@opam/ocamlfind@ >= 1.5.3", "@opam/ocamlfind@ >= 1.6.1", "@opam/ocamlfind@*":
  version "1.7.3"
  uid ac43b0ae7c18e661028f1f1bf54e6bec
  resolved "@opam/ocamlfind@1.7.3-ac43b0ae7c18e661028f1f1bf54e6bec.tgz"
  dependencies:
    "@esy-ocaml/esy-installer" "^0.0.0"
    "@esy-ocaml/substs" "^0.0.1"
    "@opam/conf-m4" "*"
  peerDependencies:
    ocaml " >= 3.12.0"

"@opam/result@*":
  version "1.2.0"
  uid "59befc554ab518c99aad4036cc2feeee"
  resolved "@opam/result@1.2.0-ea36b0b0d320e7e91b063127058b68fb.tgz"
  dependencies:
    "@esy-ocaml/esy-installer" "^0.0.0"
    "@esy-ocaml/substs" "^0.0.1"
  peerDependencies:
    ocaml "*"

"@opam/topkg@ >= 0.9.0", "@opam/topkg@*":
  version "0.9.1"
  uid "0438f8f20a5cb34f6d6cfba4a732784a"
  resolved "@opam/topkg@0.9.1-0438f8f20a5cb34f6d6cfba4a732784a.tgz"
  dependencies:
    "@esy-ocaml/esy-installer" "^0.0.0"
    "@esy-ocaml/substs" "^0.0.1"
    "@opam/ocamlbuild" "*"
    "@opam/ocamlfind" " >= 1.6.1"
    "@opam/result" "*"
  peerDependencies:
    ocaml " >= 4.1.0"

"@opam/uchar@*":
  version "0.0.2"
  uid "177b7f210bf35766b6ac6faa30601962"
  resolved "@opam/uchar@0.0.2-64d547dedc7b969031d04d2b53009296.tgz"
  dependencies:
    "@esy-ocaml/esy-installer" "^0.0.0"
    "@esy-ocaml/substs" "^0.0.1"
    "@opam/ocamlbuild" "*"
  peerDependencies:
    ocaml " >= 3.12.0"

"@opam/yojson@*":
  version "1.4.0"
  uid e49df77652d930bc4edcde4ed5549350
  resolved "@opam/yojson@1.4.0-d35a3e0fd21c07a665967de3acf4b450.tgz"
  dependencies:
    "@esy-ocaml/esy-installer" "^0.0.0"
    "@esy-ocaml/substs" "^0.0.1"
    "@opam/biniou" " >= 1.2.0"
    "@opam/cppo" "*"
    "@opam/easy-format" "*"
    "@opam/jbuilder" "*"
  peerDependencies:
    ocaml " >= 4.2.3"

clone@^0.1.15, clone@^0.1.17:
  version "0.1.19"
  resolved "https://registry.yarnpkg.com/clone/-/clone-0.1.19.tgz#613fb68639b26a494ac53253e15b1a6bd88ada85"

deep-equal@^0.2.1:
  version "0.2.2"
  resolved "https://registry.yarnpkg.com/deep-equal/-/deep-equal-0.2.2.tgz#84b745896f34c684e98f2ce0e42abaf43bba017d"

duplexer@~0.1.1:
  version "0.1.1"
  resolved "https://registry.yarnpkg.com/duplexer/-/duplexer-0.1.1.tgz#ace6ff808c1ce66b57d1ebf97977acb02334cfc1"

event-stream@^3.1.7:
  version "3.3.4"
  resolved "https://registry.yarnpkg.com/event-stream/-/event-stream-3.3.4.tgz#4ab4c9a0f5a54db9338b4c34d86bfce8f4b35571"
  dependencies:
    duplexer "~0.1.1"
    from "~0"
    map-stream "~0.1.0"
    pause-stream "0.0.11"
    split "0.3"
    stream-combiner "~0.0.4"
    through "~2.3.1"

extend@^1.3.0:
  version "1.3.0"
  resolved "https://registry.yarnpkg.com/extend/-/extend-1.3.0.tgz#d1516fb0ff5624d2ebf9123ea1dac5a1994004f8"

fleck@^0.5.1:
  version "0.5.1"
  resolved "https://registry.yarnpkg.com/fleck/-/fleck-0.5.1.tgz#4d25e3c30eba2d8c0f3f0dae02554f0311ebf078"

from@~0:
  version "0.1.7"
  resolved "https://registry.yarnpkg.com/from/-/from-0.1.7.tgz#83c60afc58b9c56997007ed1a768b3ab303a44fe"

map-stream@~0.1.0:
  version "0.1.0"
  resolved "https://registry.yarnpkg.com/map-stream/-/map-stream-0.1.0.tgz#e56aa94c4c8055a16404a0674b78f215f7c8e194"

merlin-delta@0.0.0:
  version "0.0.0"
  resolved "https://registry.yarnpkg.com/merlin-delta/-/merlin-delta-0.0.0.tgz#521f9eb6b47421a8144860b5eac4c7117d53e4ac"
  dependencies:
    clone "^0.1.15"
    deep-equal "^0.2.1"

merlin-query@0.0.0:
  version "0.0.0"
  resolved "https://registry.yarnpkg.com/merlin-query/-/merlin-query-0.0.0.tgz#0992812519cad7ebfaaf39fb10cbfe1e02e429c5"

merlin-schema@0.0.0:
  version "0.0.0"
  resolved "https://registry.yarnpkg.com/merlin-schema/-/merlin-schema-0.0.0.tgz#a149f03e352839c06f51d17f0f796124bf26b0f3"
  dependencies:
    deep-equal "^0.2.1"

merlin@^0.0.1-0:
  version "0.0.1-0"
  resolved "https://registry.yarnpkg.com/merlin/-/merlin-0.0.1-0.tgz#0651af51a46ce42e137c2f780e636c0549f8e1db"
  dependencies:
    clone "^0.1.17"
    event-stream "^3.1.7"
    extend "^1.3.0"
    fleck "^0.5.1"
    merlin-delta "0.0.0"
    merlin-query "0.0.0"
    merlin-schema "0.0.0"
    object-path "^0.6.0"
    type-guard "0.0.1"

object-path@^0.6.0:
  version "0.6.0"
  resolved "https://registry.yarnpkg.com/object-path/-/object-path-0.6.0.tgz#b69a7d110937934f336ca561fd9be1ad7b7e0cb7"

ocaml@~4.4.2000:
  version "4.4.2000"
  resolved "https://registry.yarnpkg.com/ocaml/-/ocaml-4.4.2000.tgz#22a7ebdb7a6bb38044295116e5a68a34424bb2ac"

pause-stream@0.0.11:
  version "0.0.11"
  resolved "https://registry.yarnpkg.com/pause-stream/-/pause-stream-0.0.11.tgz#fe5a34b0cbce12b5aa6a2b403ee2e73b602f1445"
  dependencies:
    through "~2.3"

split@0.3:
  version "0.3.3"
  resolved "https://registry.yarnpkg.com/split/-/split-0.3.3.tgz#cd0eea5e63a211dfff7eb0f091c4133e2d0dd28f"
  dependencies:
    through "2"

stream-combiner@~0.0.4:
  version "0.0.4"
  resolved "https://registry.yarnpkg.com/stream-combiner/-/stream-combiner-0.0.4.tgz#4d5e433c185261dde623ca3f44c586bcf5c4ad14"
  dependencies:
    duplexer "~0.1.1"

through@2, through@~2.3, through@~2.3.1:
  version "2.3.8"
  resolved "https://registry.yarnpkg.com/through/-/through-2.3.8.tgz#0dd4c9ffaabc357960b1b724115d7e0e86a2e1f5"

type-guard@0.0.1:
  version "0.0.1"
  resolved "https://registry.yarnpkg.com/type-guard/-/type-guard-0.0.1.tgz#4c57cecea82e0ba2ddf2a0a8b86bdb88895ca263"
