# THIS IS AN AUTOGENERATED FILE. DO NOT EDIT THIS FILE DIRECTLY.
# yarn lockfile v1


"@esy-ocaml/esy-installer@^0.0.0":
  version "0.0.0"
  resolved "https://registry.yarnpkg.com/@esy-ocaml/esy-installer/-/esy-installer-0.0.0.tgz#6b0e2bd4ee43531ac74793fe55cfcc3aca197a66"

"@esy-ocaml/substs@^0.0.1":
  version "0.0.1"
  resolved "https://registry.yarnpkg.com/@esy-ocaml/substs/-/substs-0.0.1.tgz#59ebdbbaedcda123fc7ed8fb2b302b7d819e9a46"

"@opam/alcotest@*":
  version "0.8.1"
  uid e8cccbd6b1a056fc4aa3b5086f9b210b
  resolved "@opam/alcotest@0.8.1-e8cccbd6b1a056fc4aa3b5086f9b210b.tgz"
  dependencies:
    "@esy-ocaml/esy-installer" "^0.0.0"
    "@esy-ocaml/substs" "^0.0.1"
    "@opam/astring" "*"
    "@opam/cmdliner" "*"
    "@opam/fmt" "*"
    "@opam/jbuilder" "  >= 1.0.0-beta10"
    "@opam/result" "*"
  peerDependencies:
    ocaml " >= 4.2.3"

"@opam/astring@*":
  version "0.8.3"
  uid "6ae6021057b3d5e06ede0fef32430a6d"
  resolved "@opam/astring@0.8.3-6ae6021057b3d5e06ede0fef32430a6d.tgz"
  dependencies:
    "@esy-ocaml/esy-installer" "^0.0.0"
    "@esy-ocaml/substs" "^0.0.1"
    "@opam/ocamlbuild" ""
    "@opam/ocamlfind" ""
    "@opam/topkg" ""
  peerDependencies:
    ocaml " >= 4.1.0"

"@opam/base-bytes@*":
  version "0.0.0-base"
  uid "4e038693a3da5b60b03ab6859a65f0c9"
  resolved "@opam/base-bytes@0.0.0-base-4e038693a3da5b60b03ab6859a65f0c9.tgz"
  dependencies:
    "@esy-ocaml/esy-installer" "^0.0.0"
    "@esy-ocaml/substs" "^0.0.1"
    "@opam/ocamlfind" " >= 1.5.3"
  peerDependencies:
    ocaml " >= 4.2.0"

"@opam/base-unix@*":
  version "0.0.0-base"
  uid b3f541b8b9c1d4982ad18937af9a0c36
  resolved "@opam/base-unix@0.0.0-base-b3f541b8b9c1d4982ad18937af9a0c36.tgz"
  dependencies:
    "@esy-ocaml/esy-installer" "^0.0.0"
    "@esy-ocaml/substs" "^0.0.1"
  peerDependencies:
    ocaml "*"

"@opam/biniou@ >= 1.2.0":
  version "1.2.0"
  uid "05460293c64f09fbf614494aaa3d70be"
  resolved "@opam/biniou@1.2.0-05460293c64f09fbf614494aaa3d70be.tgz"
  dependencies:
    "@esy-ocaml/esy-installer" "^0.0.0"
    "@esy-ocaml/substs" "^0.0.1"
    "@opam/conf-which" ""
    "@opam/easy-format" "*"
    "@opam/jbuilder" ""
  peerDependencies:
    ocaml " >= 4.2.3"

"@opam/cmdliner@*":
  version "1.0.2"
  uid "58772833f9d6afa33a65fc18803c0594"
  resolved "@opam/cmdliner@1.0.2-58772833f9d6afa33a65fc18803c0594.tgz"
  dependencies:
    "@esy-ocaml/esy-installer" "^0.0.0"
    "@esy-ocaml/substs" "^0.0.1"
    "@opam/ocamlbuild" ""
    "@opam/ocamlfind" ""
    "@opam/result" "*"
    "@opam/topkg" ""
  peerDependencies:
    ocaml " >= 4.1.0"

"@opam/conf-m4@":
  version "1.0.0"
  uid "6a07387ecf8690d0154808ee53791648"
  resolved "@opam/conf-m4@1.0.0-6a07387ecf8690d0154808ee53791648.tgz"
  dependencies:
    "@esy-ocaml/esy-installer" "^0.0.0"
    "@esy-ocaml/substs" "^0.0.1"
  peerDependencies:
    ocaml "*"

"@opam/conf-which@":
  version "1.0.0"
  uid "2671be1e83ed93ceca68f60ee9c2f5f9"
  resolved "@opam/conf-which@1.0.0-2671be1e83ed93ceca68f60ee9c2f5f9.tgz"
  dependencies:
    "@esy-ocaml/esy-installer" "^0.0.0"
    "@esy-ocaml/substs" "^0.0.1"
  peerDependencies:
    ocaml "*"

"@opam/cppo@":
  version "1.6.0"
  uid "6568a0d800f90503875407777ab7f47b"
  resolved "@opam/cppo@1.6.0-6568a0d800f90503875407777ab7f47b.tgz"
  dependencies:
    "@esy-ocaml/esy-installer" "^0.0.0"
    "@esy-ocaml/substs" "^0.0.1"
    "@opam/base-bytes" "*"
    "@opam/base-unix" "*"
    "@opam/jbuilder" "  >= 1.0.0-beta10"
  peerDependencies:
    ocaml "*"

"@opam/easy-format@*":
  version "1.3.0"
  uid b843ad9c32a3dcd29e70c32b3b060420
  resolved "@opam/easy-format@1.3.0-b843ad9c32a3dcd29e70c32b3b060420.tgz"
  dependencies:
    "@esy-ocaml/esy-installer" "^0.0.0"
    "@esy-ocaml/substs" "^0.0.1"
    "@opam/jbuilder" ""
  peerDependencies:
    ocaml " >= 4.2.3"

"@opam/fmt@*":
  version "0.8.4"
  uid "3f381be155f83de65a0f36cc6f203146"
  resolved "@opam/fmt@0.8.4-3f381be155f83de65a0f36cc6f203146.tgz"
  dependencies:
    "@esy-ocaml/esy-installer" "^0.0.0"
    "@esy-ocaml/substs" "^0.0.1"
    "@opam/base-unix" "*"
    "@opam/cmdliner" "*"
    "@opam/ocamlbuild" ""
    "@opam/ocamlfind" ""
    "@opam/result" "*"
    "@opam/topkg" "  >= 0.9.0"
    "@opam/uchar" "*"
  peerDependencies:
    ocaml " >= 4.1.0"

"@opam/jbuilder@", "@opam/jbuilder@  >= 1.0.0-beta10", "@opam/jbuilder@*":
  version "1.0.0-beta14"
  uid "117999132e6d500bc19773197efa59bb"
  resolved "@opam/jbuilder@1.0.0-beta14-117999132e6d500bc19773197efa59bb.tgz"
  dependencies:
    "@esy-ocaml/esy-installer" "^0.0.0"
    "@esy-ocaml/substs" "^0.0.1"
    "@opam/ocamlfind" ""
  peerDependencies:
    ocaml " >= 4.2.3"

"@opam/merlin@*":
  version "3.0.3"
  uid "300c2cef4c4802b2310397cfec83b4de"
  resolved "@opam/merlin@3.0.3-300c2cef4c4802b2310397cfec83b4de.tgz"
  dependencies:
    "@esy-ocaml/esy-installer" "^0.0.0"
    "@esy-ocaml/substs" "^0.0.1"
    "@opam/ocamlfind" " >= 1.5.2"
    "@opam/yojson" "*"
  peerDependencies:
    ocaml " >= 4.2.1  < 4.6.0"

"@opam/ocamlbuild@", "@opam/ocamlbuild@*", "@opam/ocamlbuild@esy-ocaml/ocamlbuild#0.11.0-esy":
  version "0.11.0-esy"
  resolved "https://codeload.github.com/esy-ocaml/ocamlbuild/tar.gz/d3415a45f1592c80caedeb7c0659b71bd5076c51"
  dependencies:
    "@esy-ocaml/esy-installer" "^0.0.0"
    "@esy-ocaml/substs" "^0.0.1"
  peerDependencies:
    ocaml " >= 4.3.0"

"@opam/ocamlfind@", "@opam/ocamlfind@  >= 1.6.1", "@opam/ocamlfind@ >= 1.5.2", "@opam/ocamlfind@ >= 1.5.3":
  version "1.7.3"
  uid "92b0aaccebb83aae8b952ae10bf9cc92"
  resolved "@opam/ocamlfind@1.7.3-92b0aaccebb83aae8b952ae10bf9cc92.tgz"
  dependencies:
    "@esy-ocaml/esy-installer" "^0.0.0"
    "@esy-ocaml/substs" "^0.0.1"
    "@opam/conf-m4" ""
  peerDependencies:
    ocaml " >= 3.12.0"

"@opam/result@*":
  version "1.2.0"
  uid ea36b0b0d320e7e91b063127058b68fb
  resolved "@opam/result@1.2.0-ea36b0b0d320e7e91b063127058b68fb.tgz"
  dependencies:
    "@esy-ocaml/esy-installer" "^0.0.0"
    "@esy-ocaml/substs" "^0.0.1"
  peerDependencies:
    ocaml "*"

"@opam/topkg@", "@opam/topkg@  >= 0.9.0":
  version "0.9.1"
  uid fd356876c1c19a88566c60f2ad8d8b84
  resolved "@opam/topkg@0.9.1-fd356876c1c19a88566c60f2ad8d8b84.tgz"
  dependencies:
    "@esy-ocaml/esy-installer" "^0.0.0"
    "@esy-ocaml/substs" "^0.0.1"
    "@opam/ocamlbuild" "*"
    "@opam/ocamlfind" "  >= 1.6.1"
    "@opam/result" "*"
  peerDependencies:
    ocaml " >= 4.1.0"

"@opam/uchar@*":
  version "0.0.2"
  uid "64d547dedc7b969031d04d2b53009296"
  resolved "@opam/uchar@0.0.2-64d547dedc7b969031d04d2b53009296.tgz"
  dependencies:
    "@esy-ocaml/esy-installer" "^0.0.0"
    "@esy-ocaml/substs" "^0.0.1"
    "@opam/ocamlbuild" ""
  peerDependencies:
    ocaml " >= 3.12.0"

"@opam/yojson@*":
  version "1.4.0"
  uid d35a3e0fd21c07a665967de3acf4b450
  resolved "@opam/yojson@1.4.0-d35a3e0fd21c07a665967de3acf4b450.tgz"
  dependencies:
    "@esy-ocaml/esy-installer" "^0.0.0"
    "@esy-ocaml/substs" "^0.0.1"
    "@opam/biniou" " >= 1.2.0"
    "@opam/cppo" ""
    "@opam/easy-format" "*"
    "@opam/jbuilder" ""
  peerDependencies:
    ocaml " >= 4.2.3"

ocaml@~4.4.2000:
  version "4.4.2000"
  resolved "https://registry.yarnpkg.com/ocaml/-/ocaml-4.4.2000.tgz#22a7ebdb7a6bb38044295116e5a68a34424bb2ac"
